
Microsoft Visual Studio Solution File, Format Version 12.00
# Visual Studio 15
VisualStudioVersion = 15.0.26430.6
MinimumVisualStudioVersion = 10.0.40219.1
Project("{FAE04EC0-301F-11D3-BF4B-00C04F79EFBC}") = "ConferenceTrackManagement", "ConferenceTrackManagement\ConferenceTrackManagement.csproj", "{CBDD97E3-F6AA-40D8-8D15-7E34D14CCAEB}"
EndProject
Project("{FAE04EC0-301F-11D3-BF4B-00C04F79EFBC}") = "ConferenceTrackManagement.Processor", "Repository\ConferenceTrackManagement.Processor.csproj", "{586E1EEF-F8ED-43B1-823D-FB80084234FC}"
EndProject
Project("{FAE04EC0-301F-11D3-BF4B-00C04F79EFBC}") = "Tests", "Tests\Tests.csproj", "{55A67189-DDBE-40B4-AD8D-F363431FFA30}"
EndProject
Global
	GlobalSection(SolutionConfigurationPlatforms) = preSolution
		Debug|Any CPU = Debug|Any CPU
		Release|Any CPU = Release|Any CPU
	EndGlobalSection
	GlobalSection(ProjectConfigurationPlatforms) = postSolution
		{CBDD97E3-F6AA-40D8-8D15-7E34D14CCAEB}.Debug|Any CPU.ActiveCfg = Debug|Any CPU
		{CBDD97E3-F6AA-40D8-8D15-7E34D14CCAEB}.Debug|Any CPU.Build.0 = Debug|Any CPU
		{CBDD97E3-F6AA-40D8-8D15-7E34D14CCAEB}.Release|Any CPU.ActiveCfg = Release|Any CPU
		{CBDD97E3-F6AA-40D8-8D15-7E34D14CCAEB}.Release|Any CPU.Build.0 = Release|Any CPU
		{586E1EEF-F8ED-43B1-823D-FB80084234FC}.Debug|Any CPU.ActiveCfg = Debug|Any CPU
		{586E1EEF-F8ED-43B1-823D-FB80084234FC}.Debug|Any CPU.Build.0 = Debug|Any CPU
		{586E1EEF-F8ED-43B1-823D-FB80084234FC}.Release|Any CPU.ActiveCfg = Release|Any CPU
		{586E1EEF-F8ED-43B1-823D-FB80084234FC}.Release|Any CPU.Build.0 = Release|Any CPU
		{55A67189-DDBE-40B4-AD8D-F363431FFA30}.Debug|Any CPU.ActiveCfg = Debug|Any CPU
		{55A67189-DDBE-40B4-AD8D-F363431FFA30}.Debug|Any CPU.Build.0 = Debug|Any CPU
		{55A67189-DDBE-40B4-AD8D-F363431FFA30}.Release|Any CPU.ActiveCfg = Release|Any CPU
		{55A67189-DDBE-40B4-AD8D-F363431FFA30}.Release|Any CPU.Build.0 = Release|Any CPU
	EndGlobalSection
	GlobalSection(SolutionProperties) = preSolution
		HideSolutionNode = FALSE
	EndGlobalSection
EndGlobal
